
Microsoft Visual Studio Solution File, Format Version 12.00
# Visual Studio Version 17
VisualStudioVersion = 17.12.35514.174 d17.12
MinimumVisualStudioVersion = 10.0.40219.1
Project("{FAE04EC0-301F-11D3-BF4B-00C04F79EFBC}") = "day3 task2", "day3 task2\day3 task2.csproj", "{A72D0DB8-4722-4C22-BCA6-1BF7EB2ED427}"
EndProject
Global
	GlobalSection(SolutionConfigurationPlatforms) = preSolution
		Debug|Any CPU = Debug|Any CPU
		Release|Any CPU = Release|Any CPU
	EndGlobalSection
	GlobalSection(ProjectConfigurationPlatforms) = postSolution
		{A72D0DB8-4722-4C22-BCA6-1BF7EB2ED427}.Debug|Any CPU.ActiveCfg = Debug|Any CPU
		{A72D0DB8-4722-4C22-BCA6-1BF7EB2ED427}.Debug|Any CPU.Build.0 = Debug|Any CPU
		{A72D0DB8-4722-4C22-BCA6-1BF7EB2ED427}.Release|Any CPU.ActiveCfg = Release|Any CPU
		{A72D0DB8-4722-4C22-BCA6-1BF7EB2ED427}.Release|Any CPU.Build.0 = Release|Any CPU
	EndGlobalSection
	GlobalSection(SolutionProperties) = preSolution
		HideSolutionNode = FALSE
	EndGlobalSection
EndGlobal
